
Microsoft Visual Studio Solution File, Format Version 12.00
# Visual Studio Version 16
VisualStudioVersion = 16.0.29709.97
MinimumVisualStudioVersion = 10.0.40219.1
Project("{FAE04EC0-301F-11D3-BF4B-00C04F79EFBC}") = "ConsoleApp17.1", "ConsoleApp17.1\ConsoleApp17.1.csproj", "{68EAB401-143D-42B3-9853-E384A7AD3515}"
EndProject
Global
	GlobalSection(SolutionConfigurationPlatforms) = preSolution
		Debug|Any CPU = Debug|Any CPU
		Release|Any CPU = Release|Any CPU
	EndGlobalSection
	GlobalSection(ProjectConfigurationPlatforms) = postSolution
		{68EAB401-143D-42B3-9853-E384A7AD3515}.Debug|Any CPU.ActiveCfg = Debug|Any CPU
		{68EAB401-143D-42B3-9853-E384A7AD3515}.Debug|Any CPU.Build.0 = Debug|Any CPU
		{68EAB401-143D-42B3-9853-E384A7AD3515}.Release|Any CPU.ActiveCfg = Release|Any CPU
		{68EAB401-143D-42B3-9853-E384A7AD3515}.Release|Any CPU.Build.0 = Release|Any CPU
	EndGlobalSection
	GlobalSection(SolutionProperties) = preSolution
		HideSolutionNode = FALSE
	EndGlobalSection
	GlobalSection(ExtensibilityGlobals) = postSolution
		SolutionGuid = {83922654-D633-4B44-A194-F758A329912C}
	EndGlobalSection
EndGlobal
